
Microsoft Visual Studio Solution File, Format Version 12.00
# Visual Studio Version 17
VisualStudioVersion = 17.6.33712.159
MinimumVisualStudioVersion = 10.0.40219.1
Project("{FAE04EC0-301F-11D3-BF4B-00C04F79EFBC}") = "MealPlannerv2", "MealPlannerv2\MealPlannerv2.csproj", "{BB5140E0-E443-46CD-BDFB-996BD0513DC2}"
EndProject
Global
	GlobalSection(SolutionConfigurationPlatforms) = preSolution
		Debug|Any CPU = Debug|Any CPU
		Release|Any CPU = Release|Any CPU
	EndGlobalSection
	GlobalSection(ProjectConfigurationPlatforms) = postSolution
		{BB5140E0-E443-46CD-BDFB-996BD0513DC2}.Debug|Any CPU.ActiveCfg = Debug|Any CPU
		{BB5140E0-E443-46CD-BDFB-996BD0513DC2}.Debug|Any CPU.Build.0 = Debug|Any CPU
		{BB5140E0-E443-46CD-BDFB-996BD0513DC2}.Release|Any CPU.ActiveCfg = Release|Any CPU
		{BB5140E0-E443-46CD-BDFB-996BD0513DC2}.Release|Any CPU.Build.0 = Release|Any CPU
	EndGlobalSection
	GlobalSection(SolutionProperties) = preSolution
		HideSolutionNode = FALSE
	EndGlobalSection
	GlobalSection(ExtensibilityGlobals) = postSolution
		SolutionGuid = {043B20EE-5802-4256-AC2D-3D2C5312E4FF}
	EndGlobalSection
EndGlobal
